// !$*UTF8*$!
{
	archiveVersion = 1;
	classes = {
	};
	objectVersion = 50;
	objects = {

/* Begin PBXBuildFile section */
		EF202B1121431B0E00521FDB /* AppDelegate.swift in Sources */ = {isa = PBXBuildFile; fileRef = EF202B1021431B0E00521FDB /* AppDelegate.swift */; };
		EF202B1321431B0E00521FDB /* HomeViewController.swift in Sources */ = {isa = PBXBuildFile; fileRef = EF202B1221431B0E00521FDB /* HomeViewController.swift */; };
		EF202B1621431B0F00521FDB /* Main.storyboard in Resources */ = {isa = PBXBuildFile; fileRef = EF202B1421431B0F00521FDB /* Main.storyboard */; };
		EF202B1821431B1100521FDB /* Assets.xcassets in Resources */ = {isa = PBXBuildFile; fileRef = EF202B1721431B1100521FDB /* Assets.xcassets */; };
		EF202B1B21431B1100521FDB /* LaunchScreen.storyboard in Resources */ = {isa = PBXBuildFile; fileRef = EF202B1921431B1100521FDB /* LaunchScreen.storyboard */; };
		EF202B2321431C5700521FDB /* Contact.swift in Sources */ = {isa = PBXBuildFile; fileRef = EF202B2221431C5700521FDB /* Contact.swift */; };
		EF202B2521431D8D00521FDB /* db.swift in Sources */ = {isa = PBXBuildFile; fileRef = EF202B2421431D8D00521FDB /* db.swift */; };
		EF202B2821433D5000521FDB /* AddViewController.swift in Sources */ = {isa = PBXBuildFile; fileRef = EF202B2721433D5000521FDB /* AddViewController.swift */; };
		EF202B2A21434DB300521FDB /* DetailViewController.swift in Sources */ = {isa = PBXBuildFile; fileRef = EF202B2921434DB300521FDB /* DetailViewController.swift */; };
		EF202B2C2143551800521FDB /* contactCell.swift in Sources */ = {isa = PBXBuildFile; fileRef = EF202B2B2143551800521FDB /* contactCell.swift */; };
/* End PBXBuildFile section */

/* Begin PBXFileReference section */
		EF202B0D21431B0E00521FDB /* PhoneBook.app */ = {isa = PBXFileReference; explicitFileType = wrapper.application; includeInIndex = 0; path = PhoneBook.app; sourceTree = BUILT_PRODUCTS_DIR; };
		EF202B1021431B0E00521FDB /* AppDelegate.swift */ = {isa = PBXFileReference; lastKnownFileType = sourcecode.swift; path = AppDelegate.swift; sourceTree = "<group>"; };
		EF202B1221431B0E00521FDB /* HomeViewController.swift */ = {isa = PBXFileReference; lastKnownFileType = sourcecode.swift; path = HomeViewController.swift; sourceTree = "<group>"; };
		EF202B1521431B0F00521FDB /* Base */ = {isa = PBXFileReference; lastKnownFileType = file.storyboard; name = Base; path = Base.lproj/Main.storyboard; sourceTree = "<group>"; };
		EF202B1721431B1100521FDB /* Assets.xcassets */ = {isa = PBXFileReference; lastKnownFileType = folder.assetcatalog; path = Assets.xcassets; sourceTree = "<group>"; };
		EF202B1A21431B1100521FDB /* Base */ = {isa = PBXFileReference; lastKnownFileType = file.storyboard; name = Base; path = Base.lproj/LaunchScreen.storyboard; sourceTree = "<group>"; };
		EF202B1C21431B1100521FDB /* Info.plist */ = {isa = PBXFileReference; lastKnownFileType = text.plist.xml; path = Info.plist; sourceTree = "<group>"; };
		EF202B2221431C5700521FDB /* Contact.swift */ = {isa = PBXFileReference; lastKnownFileType = sourcecode.swift; path = Contact.swift; sourceTree = "<group>"; };
		EF202B2421431D8D00521FDB /* db.swift */ = {isa = PBXFileReference; lastKnownFileType = sourcecode.swift; path = db.swift; sourceTree = "<group>"; };
		EF202B2721433D5000521FDB /* AddViewController.swift */ = {isa = PBXFileReference; lastKnownFileType = sourcecode.swift; path = AddViewController.swift; sourceTree = "<group>"; };
		EF202B2921434DB300521FDB /* DetailViewController.swift */ = {isa = PBXFileReference; lastKnownFileType = sourcecode.swift; path = DetailViewController.swift; sourceTree = "<group>"; };
		EF202B2B2143551800521FDB /* contactCell.swift */ = {isa = PBXFileReference; lastKnownFileType = sourcecode.swift; path = contactCell.swift; sourceTree = "<group>"; };
/* End PBXFileReference section */

/* Begin PBXFrameworksBuildPhase section */
		EF202B0A21431B0E00521FDB /* Frameworks */ = {
			isa = PBXFrameworksBuildPhase;
			buildActionMask = 2147483647;
			files = (
			);
			runOnlyForDeploymentPostprocessing = 0;
		};
/* End PBXFrameworksBuildPhase section */

/* Begin PBXGroup section */
		EF202B0421431B0E00521FDB = {
			isa = PBXGroup;
			children = (
				EF202B0F21431B0E00521FDB /* PhoneBook */,
				EF202B0E21431B0E00521FDB /* Products */,
			);
			sourceTree = "<group>";
		};
		EF202B0E21431B0E00521FDB /* Products */ = {
			isa = PBXGroup;
			children = (
				EF202B0D21431B0E00521FDB /* PhoneBook.app */,
			);
			name = Products;
			sourceTree = "<group>";
		};
		EF202B0F21431B0E00521FDB /* PhoneBook */ = {
			isa = PBXGroup;
			children = (
				EF202B1021431B0E00521FDB /* AppDelegate.swift */,
				EF202B1221431B0E00521FDB /* HomeViewController.swift */,
				EF202B2721433D5000521FDB /* AddViewController.swift */,
				EF202B2621431D9500521FDB /* Model */,
				EF202B1421431B0F00521FDB /* Main.storyboard */,
				EF202B2B2143551800521FDB /* contactCell.swift */,
				EF202B2921434DB300521FDB /* DetailViewController.swift */,
				EF202B1721431B1100521FDB /* Assets.xcassets */,
				EF202B1921431B1100521FDB /* LaunchScreen.storyboard */,
				EF202B1C21431B1100521FDB /* Info.plist */,
			);
			path = PhoneBook;
			sourceTree = "<group>";
		};
		EF202B2621431D9500521FDB /* Model */ = {
			isa = PBXGroup;
			children = (
				EF202B2421431D8D00521FDB /* db.swift */,
				EF202B2221431C5700521FDB /* Contact.swift */,
			);
			path = Model;
			sourceTree = "<group>";
		};
/* End PBXGroup section */

/* Begin PBXNativeTarget section */
		EF202B0C21431B0E00521FDB /* PhoneBook */ = {
			isa = PBXNativeTarget;
			buildConfigurationList = EF202B1F21431B1100521FDB /* Build configuration list for PBXNativeTarget "PhoneBook" */;
			buildPhases = (
				EF202B0921431B0E00521FDB /* Sources */,
				EF202B0A21431B0E00521FDB /* Frameworks */,
				EF202B0B21431B0E00521FDB /* Resources */,
			);
			buildRules = (
			);
			dependencies = (
			);
			name = PhoneBook;
			productName = PhoneBook;
			productReference = EF202B0D21431B0E00521FDB /* PhoneBook.app */;
			productType = "com.apple.product-type.application";
		};
/* End PBXNativeTarget section */

/* Begin PBXProject section */
		EF202B0521431B0E00521FDB /* Project object */ = {
			isa = PBXProject;
			attributes = {
				LastSwiftUpdateCheck = 0940;
				LastUpgradeCheck = 0940;
				ORGANIZATIONNAME = pennapps;
				TargetAttributes = {
					EF202B0C21431B0E00521FDB = {
						CreatedOnToolsVersion = 9.4.1;
					};
				};
			};
			buildConfigurationList = EF202B0821431B0E00521FDB /* Build configuration list for PBXProject "PhoneBook" */;
			compatibilityVersion = "Xcode 9.3";
			developmentRegion = en;
			hasScannedForEncodings = 0;
			knownRegions = (
				en,
				Base,
			);
			mainGroup = EF202B0421431B0E00521FDB;
			productRefGroup = EF202B0E21431B0E00521FDB /* Products */;
			projectDirPath = "";
			projectRoot = "";
			targets = (
				EF202B0C21431B0E00521FDB /* PhoneBook */,
			);
		};
/* End PBXProject section */

/* Begin PBXResourcesBuildPhase section */
		EF202B0B21431B0E00521FDB /* Resources */ = {
			isa = PBXResourcesBuildPhase;
			buildActionMask = 2147483647;
			files = (
				EF202B1B21431B1100521FDB /* LaunchScreen.storyboard in Resources */,
				EF202B1821431B1100521FDB /* Assets.xcassets in Resources */,
				EF202B1621431B0F00521FDB /* Main.storyboard in Resources */,
			);
			runOnlyForDeploymentPostprocessing = 0;
		};
/* End PBXResourcesBuildPhase section */

/* Begin PBXSourcesBuildPhase section */
		EF202B0921431B0E00521FDB /* Sources */ = {
			isa = PBXSourcesBuildPhase;
			buildActionMask = 2147483647;
			files = (
				EF202B2C2143551800521FDB /* contactCell.swift in Sources */,
				EF202B2821433D5000521FDB /* AddViewController.swift in Sources */,
				EF202B2321431C5700521FDB /* Contact.swift in Sources */,
				EF202B2521431D8D00521FDB /* db.swift in Sources */,
				EF202B2A21434DB300521FDB /* DetailViewController.swift in Sources */,
				EF202B1321431B0E00521FDB /* HomeViewController.swift in Sources */,
				EF202B1121431B0E00521FDB /* AppDelegate.swift in Sources */,
			);
			runOnlyForDeploymentPostprocessing = 0;
		};
/* End PBXSourcesBuildPhase section */

/* Begin PBXVariantGroup section */
		EF202B1421431B0F00521FDB /* Main.storyboard */ = {
			isa = PBXVariantGroup;
			children = (
				EF202B1521431B0F00521FDB /* Base */,
			);
			name = Main.storyboard;
			sourceTree = "<group>";
		};
		EF202B1921431B1100521FDB /* LaunchScreen.storyboard */ = {
			isa = PBXVariantGroup;
			children = (
				EF202B1A21431B1100521FDB /* Base */,
			);
			name = LaunchScreen.storyboard;
			sourceTree = "<group>";
		};
/* End PBXVariantGroup section */

/* Begin XCBuildConfiguration section */
		EF202B1D21431B1100521FDB /* Debug */ = {
			isa = XCBuildConfiguration;
			buildSettings = {
				ALWAYS_SEARCH_USER_PATHS = NO;
				CLANG_ANALYZER_NONNULL = YES;
				CLANG_ANALYZER_NUMBER_OBJECT_CONVERSION = YES_AGGRESSIVE;
				CLANG_CXX_LANGUAGE_STANDARD = "gnu++14";
				CLANG_CXX_LIBRARY = "libc++";
				CLANG_ENABLE_MODULES = YES;
				CLANG_ENABLE_OBJC_ARC = YES;
				CLANG_ENABLE_OBJC_WEAK = YES;
				CLANG_WARN_BLOCK_CAPTURE_AUTORELEASING = YES;
				CLANG_WARN_BOOL_CONVERSION = YES;
				CLANG_WARN_COMMA = YES;
				CLANG_WARN_CONSTANT_CONVERSION = YES;
				CLANG_WARN_DEPRECATED_OBJC_IMPLEMENTATIONS = YES;
				CLANG_WARN_DIRECT_OBJC_ISA_USAGE = YES_ERROR;
				CLANG_WARN_DOCUMENTATION_COMMENTS = YES;
				CLANG_WARN_EMPTY_BODY = YES;
				CLANG_WARN_ENUM_CONVERSION = YES;
				CLANG_WARN_INFINITE_RECURSION = YES;
				CLANG_WARN_INT_CONVERSION = YES;
				CLANG_WARN_NON_LITERAL_NULL_CONVERSION = YES;
				CLANG_WARN_OBJC_IMPLICIT_RETAIN_SELF = YES;
				CLANG_WARN_OBJC_LITERAL_CONVERSION = YES;
				CLANG_WARN_OBJC_ROOT_CLASS = YES_ERROR;
				CLANG_WARN_RANGE_LOOP_ANALYSIS = YES;
				CLANG_WARN_STRICT_PROTOTYPES = YES;
				CLANG_WARN_SUSPICIOUS_MOVE = YES;
				CLANG_WARN_UNGUARDED_AVAILABILITY = YES_AGGRESSIVE;
				CLANG_WARN_UNREACHABLE_CODE = YES;
				CLANG_WARN__DUPLICATE_METHOD_MATCH = YES;
				CODE_SIGN_IDENTITY = "iPhone Developer";
				COPY_PHASE_STRIP = NO;
				DEBUG_INFORMATION_FORMAT = dwarf;
				ENABLE_STRICT_OBJC_MSGSEND = YES;
				ENABLE_TESTABILITY = YES;
				GCC_C_LANGUAGE_STANDARD = gnu11;
				GCC_DYNAMIC_NO_PIC = NO;
				GCC_NO_COMMON_BLOCKS = YES;
				GCC_OPTIMIZATION_LEVEL = 0;
				GCC_PREPROCESSOR_DEFINITIONS = (
					"DEBUG=1",
					"$(inherited)",
				);
				GCC_WARN_64_TO_32_BIT_CONVERSION = YES;
				GCC_WARN_ABOUT_RETURN_TYPE = YES_ERROR;
				GCC_WARN_UNDECLARED_SELECTOR = YES;
				GCC_WARN_UNINITIALIZED_AUTOS = YES_AGGRESSIVE;
				GCC_WARN_UNUSED_FUNCTION = YES;
				GCC_WARN_UNUSED_VARIABLE = YES;
				IPHONEOS_DEPLOYMENT_TARGET = 11.4;
				MTL_ENABLE_DEBUG_INFO = YES;
				ONLY_ACTIVE_ARCH = YES;
				SDKROOT = iphoneos;
				SWIFT_ACTIVE_COMPILATION_CONDITIONS = DEBUG;
				SWIFT_OPTIMIZATION_LEVEL = "-Onone";
			};
			name = Debug;
		};
		EF202B1E21431B1100521FDB /* Release */ = {
			isa = XCBuildConfiguration;
			buildSettings = {
				ALWAYS_SEARCH_USER_PATHS = NO;
				CLANG_ANALYZER_NONNULL = YES;
				CLANG_ANALYZER_NUMBER_OBJECT_CONVERSION = YES_AGGRESSIVE;
				CLANG_CXX_LANGUAGE_STANDARD = "gnu++14";
				CLANG_CXX_LIBRARY = "libc++";
				CLANG_ENABLE_MODULES = YES;
				CLANG_ENABLE_OBJC_ARC = YES;
				CLANG_ENABLE_OBJC_WEAK = YES;
				CLANG_WARN_BLOCK_CAPTURE_AUTORELEASING = YES;
				CLANG_WARN_BOOL_CONVERSION = YES;
				CLANG_WARN_COMMA = YES;
				CLANG_WARN_CONSTANT_CONVERSION = YES;
				CLANG_WARN_DEPRECATED_OBJC_IMPLEMENTATIONS = YES;
				CLANG_WARN_DIRECT_OBJC_ISA_USAGE = YES_ERROR;
				CLANG_WARN_DOCUMENTATION_COMMENTS = YES;
				CLANG_WARN_EMPTY_BODY = YES;
				CLANG_WARN_ENUM_CONVERSION = YES;
				CLANG_WARN_INFINITE_RECURSION = YES;
				CLANG_WARN_INT_CONVERSION = YES;
				CLANG_WARN_NON_LITERAL_NULL_CONVERSION = YES;
				CLANG_WARN_OBJC_IMPLICIT_RETAIN_SELF = YES;
				CLANG_WARN_OBJC_LITERAL_CONVERSION = YES;
				CLANG_WARN_OBJC_ROOT_CLASS = YES_ERROR;
				CLANG_WARN_RANGE_LOOP_ANALYSIS = YES;
				CLANG_WARN_STRICT_PROTOTYPES = YES;
				CLANG_WARN_SUSPICIOUS_MOVE = YES;
				CLANG_WARN_UNGUARDED_AVAILABILITY = YES_AGGRESSIVE;
				CLANG_WARN_UNREACHABLE_CODE = YES;
				CLANG_WARN__DUPLICATE_METHOD_MATCH = YES;
				CODE_SIGN_IDENTITY = "iPhone Developer";
				COPY_PHASE_STRIP = NO;
				DEBUG_INFORMATION_FORMAT = "dwarf-with-dsym";
				ENABLE_NS_ASSERTIONS = NO;
				ENABLE_STRICT_OBJC_MSGSEND = YES;
				GCC_C_LANGUAGE_STANDARD = gnu11;
				GCC_NO_COMMON_BLOCKS = YES;
				GCC_WARN_64_TO_32_BIT_CONVERSION = YES;
				GCC_WARN_ABOUT_RETURN_TYPE = YES_ERROR;
				GCC_WARN_UNDECLARED_SELECTOR = YES;
				GCC_WARN_UNINITIALIZED_AUTOS = YES_AGGRESSIVE;
				GCC_WARN_UNUSED_FUNCTION = YES;
				GCC_WARN_UNUSED_VARIABLE = YES;
				IPHONEOS_DEPLOYMENT_TARGET = 11.4;
				MTL_ENABLE_DEBUG_INFO = NO;
				SDKROOT = iphoneos;
				SWIFT_COMPILATION_MODE = wholemodule;
				SWIFT_OPTIMIZATION_LEVEL = "-O";
				VALIDATE_PRODUCT = YES;
			};
			name = Release;
		};
		EF202B2021431B1100521FDB /* Debug */ = {
			isa = XCBuildConfiguration;
			buildSettings = {
				ASSETCATALOG_COMPILER_APPICON_NAME = AppIcon;
				CODE_SIGN_STYLE = Automatic;
				DEVELOPMENT_TEAM = FWU4GS7RGH;
				INFOPLIST_FILE = PhoneBook/Info.plist;
				LD_RUNPATH_SEARCH_PATHS = (
					"$(inherited)",
					"@executable_path/Frameworks",
				);
				PRODUCT_BUNDLE_IDENTIFIER = com.pennapps.PhoneBook;
				PRODUCT_NAME = "$(TARGET_NAME)";
				SWIFT_VERSION = 4.0;
				TARGETED_DEVICE_FAMILY = "1,2";
			};
			name = Debug;
		};
		EF202B2121431B1100521FDB /* Release */ = {
			isa = XCBuildConfiguration;
			buildSettings = {
				ASSETCATALOG_COMPILER_APPICON_NAME = AppIcon;
				CODE_SIGN_STYLE = Automatic;
				DEVELOPMENT_TEAM = FWU4GS7RGH;
				INFOPLIST_FILE = PhoneBook/Info.plist;
				LD_RUNPATH_SEARCH_PATHS = (
					"$(inherited)",
					"@executable_path/Frameworks",
				);
				PRODUCT_BUNDLE_IDENTIFIER = com.pennapps.PhoneBook;
				PRODUCT_NAME = "$(TARGET_NAME)";
				SWIFT_VERSION = 4.0;
				TARGETED_DEVICE_FAMILY = "1,2";
			};
			name = Release;
		};
/* End XCBuildConfiguration section */

/* Begin XCConfigurationList section */
		EF202B0821431B0E00521FDB /* Build configuration list for PBXProject "PhoneBook" */ = {
			isa = XCConfigurationList;
			buildConfigurations = (
				EF202B1D21431B1100521FDB /* Debug */,
				EF202B1E21431B1100521FDB /* Release */,
			);
			defaultConfigurationIsVisible = 0;
			defaultConfigurationName = Release;
		};
		EF202B1F21431B1100521FDB /* Build configuration list for PBXNativeTarget "PhoneBook" */ = {
			isa = XCConfigurationList;
			buildConfigurations = (
				EF202B2021431B1100521FDB /* Debug */,
				EF202B2121431B1100521FDB /* Release */,
			);
			defaultConfigurationIsVisible = 0;
			defaultConfigurationName = Release;
		};
/* End XCConfigurationList section */
	};
	rootObject = EF202B0521431B0E00521FDB /* Project object */;
}
